// !$*UTF8*$!
{
	archiveVersion = 1;
	classes = {
	};
	objectVersion = 46;
	objects = {

/* Begin PBXBuildFile section */
		D6F9ADED1CF6D7FB00086FA6 /* main.m in Sources */ = {isa = PBXBuildFile; fileRef = D6F9ADEC1CF6D7FB00086FA6 /* main.m */; };
		D6F9ADF01CF6D7FB00086FA6 /* AppDelegate.m in Sources */ = {isa = PBXBuildFile; fileRef = D6F9ADEF1CF6D7FB00086FA6 /* AppDelegate.m */; };
		D6F9ADF31CF6D7FB00086FA6 /* ViewController.m in Sources */ = {isa = PBXBuildFile; fileRef = D6F9ADF21CF6D7FB00086FA6 /* ViewController.m */; };
		D6F9ADF61CF6D7FB00086FA6 /* Main.storyboard in Resources */ = {isa = PBXBuildFile; fileRef = D6F9ADF41CF6D7FB00086FA6 /* Main.storyboard */; };
		D6F9ADF81CF6D7FB00086FA6 /* Assets.xcassets in Resources */ = {isa = PBXBuildFile; fileRef = D6F9ADF71CF6D7FB00086FA6 /* Assets.xcassets */; };
		D6F9ADFB1CF6D7FB00086FA6 /* LaunchScreen.storyboard in Resources */ = {isa = PBXBuildFile; fileRef = D6F9ADF91CF6D7FB00086FA6 /* LaunchScreen.storyboard */; };
		D6F9AE051CF6D96700086FA6 /* 1.jpg in Resources */ = {isa = PBXBuildFile; fileRef = D6F9AE041CF6D96700086FA6 /* 1.jpg */; };
		D6F9AE071CF71F8800086FA6 /* 2.jpg in Resources */ = {isa = PBXBuildFile; fileRef = D6F9AE061CF71F8800086FA6 /* 2.jpg */; };
/* End PBXBuildFile section */

/* Begin PBXFileReference section */
		D6F9ADE81CF6D7FB00086FA6 /* UISenior_17_CoreAnimation.app */ = {isa = PBXFileReference; explicitFileType = wrapper.application; includeInIndex = 0; path = UISenior_17_CoreAnimation.app; sourceTree = BUILT_PRODUCTS_DIR; };
		D6F9ADEC1CF6D7FB00086FA6 /* main.m */ = {isa = PBXFileReference; lastKnownFileType = sourcecode.c.objc; path = main.m; sourceTree = "<group>"; };
		D6F9ADEE1CF6D7FB00086FA6 /* AppDelegate.h */ = {isa = PBXFileReference; lastKnownFileType = sourcecode.c.h; path = AppDelegate.h; sourceTree = "<group>"; };
		D6F9ADEF1CF6D7FB00086FA6 /* AppDelegate.m */ = {isa = PBXFileReference; lastKnownFileType = sourcecode.c.objc; path = AppDelegate.m; sourceTree = "<group>"; };
		D6F9ADF11CF6D7FB00086FA6 /* ViewController.h */ = {isa = PBXFileReference; lastKnownFileType = sourcecode.c.h; path = ViewController.h; sourceTree = "<group>"; };
		D6F9ADF21CF6D7FB00086FA6 /* ViewController.m */ = {isa = PBXFileReference; lastKnownFileType = sourcecode.c.objc; path = ViewController.m; sourceTree = "<group>"; };
		D6F9ADF51CF6D7FB00086FA6 /* Base */ = {isa = PBXFileReference; lastKnownFileType = file.storyboard; name = Base; path = Base.lproj/Main.storyboard; sourceTree = "<group>"; };
		D6F9ADF71CF6D7FB00086FA6 /* Assets.xcassets */ = {isa = PBXFileReference; lastKnownFileType = folder.assetcatalog; path = Assets.xcassets; sourceTree = "<group>"; };
		D6F9ADFA1CF6D7FB00086FA6 /* Base */ = {isa = PBXFileReference; lastKnownFileType = file.storyboard; name = Base; path = Base.lproj/LaunchScreen.storyboard; sourceTree = "<group>"; };
		D6F9ADFC1CF6D7FB00086FA6 /* Info.plist */ = {isa = PBXFileReference; lastKnownFileType = text.plist.xml; path = Info.plist; sourceTree = "<group>"; };
		D6F9AE041CF6D96700086FA6 /* 1.jpg */ = {isa = PBXFileReference; lastKnownFileType = image.jpeg; path = 1.jpg; sourceTree = "<group>"; };
		D6F9AE061CF71F8800086FA6 /* 2.jpg */ = {isa = PBXFileReference; lastKnownFileType = image.jpeg; path = 2.jpg; sourceTree = "<group>"; };
/* End PBXFileReference section */

/* Begin PBXFrameworksBuildPhase section */
		D6F9ADE51CF6D7FB00086FA6 /* Frameworks */ = {
			isa = PBXFrameworksBuildPhase;
			buildActionMask = 2147483647;
			files = (
			);
			runOnlyForDeploymentPostprocessing = 0;
		};
/* End PBXFrameworksBuildPhase section */

/* Begin PBXGroup section */
		D6F9ADDF1CF6D7FA00086FA6 = {
			isa = PBXGroup;
			children = (
				D6F9ADEA1CF6D7FB00086FA6 /* UISenior_17_CoreAnimation */,
				D6F9ADE91CF6D7FB00086FA6 /* Products */,
			);
			sourceTree = "<group>";
		};
		D6F9ADE91CF6D7FB00086FA6 /* Products */ = {
			isa = PBXGroup;
			children = (
				D6F9ADE81CF6D7FB00086FA6 /* UISenior_17_CoreAnimation.app */,
			);
			name = Products;
			sourceTree = "<group>";
		};
		D6F9ADEA1CF6D7FB00086FA6 /* UISenior_17_CoreAnimation */ = {
			isa = PBXGroup;
			children = (
				D6F9ADEE1CF6D7FB00086FA6 /* AppDelegate.h */,
				D6F9ADEF1CF6D7FB00086FA6 /* AppDelegate.m */,
				D6F9ADF11CF6D7FB00086FA6 /* ViewController.h */,
				D6F9ADF21CF6D7FB00086FA6 /* ViewController.m */,
				D6F9ADF41CF6D7FB00086FA6 /* Main.storyboard */,
				D6F9AE041CF6D96700086FA6 /* 1.jpg */,
				D6F9AE061CF71F8800086FA6 /* 2.jpg */,
				D6F9ADF71CF6D7FB00086FA6 /* Assets.xcassets */,
				D6F9ADF91CF6D7FB00086FA6 /* LaunchScreen.storyboard */,
				D6F9ADFC1CF6D7FB00086FA6 /* Info.plist */,
				D6F9ADEB1CF6D7FB00086FA6 /* Supporting Files */,
			);
			path = UISenior_17_CoreAnimation;
			sourceTree = "<group>";
		};
		D6F9ADEB1CF6D7FB00086FA6 /* Supporting Files */ = {
			isa = PBXGroup;
			children = (
				D6F9ADEC1CF6D7FB00086FA6 /* main.m */,
			);
			name = "Supporting Files";
			sourceTree = "<group>";
		};
/* End PBXGroup section */

/* Begin PBXNativeTarget section */
		D6F9ADE71CF6D7FB00086FA6 /* UISenior_17_CoreAnimation */ = {
			isa = PBXNativeTarget;
			buildConfigurationList = D6F9ADFF1CF6D7FB00086FA6 /* Build configuration list for PBXNativeTarget "UISenior_17_CoreAnimation" */;
			buildPhases = (
				D6F9ADE41CF6D7FB00086FA6 /* Sources */,
				D6F9ADE51CF6D7FB00086FA6 /* Frameworks */,
				D6F9ADE61CF6D7FB00086FA6 /* Resources */,
			);
			buildRules = (
			);
			dependencies = (
			);
			name = UISenior_17_CoreAnimation;
			productName = UISenior_17_CoreAnimation;
			productReference = D6F9ADE81CF6D7FB00086FA6 /* UISenior_17_CoreAnimation.app */;
			productType = "com.apple.product-type.application";
		};
/* End PBXNativeTarget section */

/* Begin PBXProject section */
		D6F9ADE01CF6D7FA00086FA6 /* Project object */ = {
			isa = PBXProject;
			attributes = {
				LastUpgradeCheck = 0720;
				ORGANIZATIONNAME = yyp;
				TargetAttributes = {
					D6F9ADE71CF6D7FB00086FA6 = {
						CreatedOnToolsVersion = 7.2;
					};
				};
			};
			buildConfigurationList = D6F9ADE31CF6D7FA00086FA6 /* Build configuration list for PBXProject "UISenior_17_CoreAnimation" */;
			compatibilityVersion = "Xcode 3.2";
			developmentRegion = English;
			hasScannedForEncodings = 0;
			knownRegions = (
				en,
				Base,
			);
			mainGroup = D6F9ADDF1CF6D7FA00086FA6;
			productRefGroup = D6F9ADE91CF6D7FB00086FA6 /* Products */;
			projectDirPath = "";
			projectRoot = "";
			targets = (
				D6F9ADE71CF6D7FB00086FA6 /* UISenior_17_CoreAnimation */,
			);
		};
/* End PBXProject section */

/* Begin PBXResourcesBuildPhase section */
		D6F9ADE61CF6D7FB00086FA6 /* Resources */ = {
			isa = PBXResourcesBuildPhase;
			buildActionMask = 2147483647;
			files = (
				D6F9AE071CF71F8800086FA6 /* 2.jpg in Resources */,
				D6F9AE051CF6D96700086FA6 /* 1.jpg in Resources */,
				D6F9ADFB1CF6D7FB00086FA6 /* LaunchScreen.storyboard in Resources */,
				D6F9ADF81CF6D7FB00086FA6 /* Assets.xcassets in Resources */,
				D6F9ADF61CF6D7FB00086FA6 /* Main.storyboard in Resources */,
			);
			runOnlyForDeploymentPostprocessing = 0;
		};
/* End PBXResourcesBuildPhase section */

/* Begin PBXSourcesBuildPhase section */
		D6F9ADE41CF6D7FB00086FA6 /* Sources */ = {
			isa = PBXSourcesBuildPhase;
			buildActionMask = 2147483647;
			files = (
				D6F9ADF31CF6D7FB00086FA6 /* ViewController.m in Sources */,
				D6F9ADF01CF6D7FB00086FA6 /* AppDelegate.m in Sources */,
				D6F9ADED1CF6D7FB00086FA6 /* main.m in Sources */,
			);
			runOnlyForDeploymentPostprocessing = 0;
		};
/* End PBXSourcesBuildPhase section */

/* Begin PBXVariantGroup section */
		D6F9ADF41CF6D7FB00086FA6 /* Main.storyboard */ = {
			isa = PBXVariantGroup;
			children = (
				D6F9ADF51CF6D7FB00086FA6 /* Base */,
			);
			name = Main.storyboard;
			sourceTree = "<group>";
		};
		D6F9ADF91CF6D7FB00086FA6 /* LaunchScreen.storyboard */ = {
			isa = PBXVariantGroup;
			children = (
				D6F9ADFA1CF6D7FB00086FA6 /* Base */,
			);
			name = LaunchScreen.storyboard;
			sourceTree = "<group>";
		};
/* End PBXVariantGroup section */

/* Begin XCBuildConfiguration section */
		D6F9ADFD1CF6D7FB00086FA6 /* Debug */ = {
			isa = XCBuildConfiguration;
			buildSettings = {
				ALWAYS_SEARCH_USER_PATHS = NO;
				CLANG_CXX_LANGUAGE_STANDARD = "gnu++0x";
				CLANG_CXX_LIBRARY = "libc++";
				CLANG_ENABLE_MODULES = YES;
				CLANG_ENABLE_OBJC_ARC = YES;
				CLANG_WARN_BOOL_CONVERSION = YES;
				CLANG_WARN_CONSTANT_CONVERSION = YES;
				CLANG_WARN_DIRECT_OBJC_ISA_USAGE = YES_ERROR;
				CLANG_WARN_EMPTY_BODY = YES;
				CLANG_WARN_ENUM_CONVERSION = YES;
				CLANG_WARN_INT_CONVERSION = YES;
				CLANG_WARN_OBJC_ROOT_CLASS = YES_ERROR;
				CLANG_WARN_UNREACHABLE_CODE = YES;
				CLANG_WARN__DUPLICATE_METHOD_MATCH = YES;
				"CODE_SIGN_IDENTITY[sdk=iphoneos*]" = "iPhone Developer";
				COPY_PHASE_STRIP = NO;
				DEBUG_INFORMATION_FORMAT = dwarf;
				ENABLE_STRICT_OBJC_MSGSEND = YES;
				ENABLE_TESTABILITY = YES;
				GCC_C_LANGUAGE_STANDARD = gnu99;
				GCC_DYNAMIC_NO_PIC = NO;
				GCC_NO_COMMON_BLOCKS = YES;
				GCC_OPTIMIZATION_LEVEL = 0;
				GCC_PREPROCESSOR_DEFINITIONS = (
					"DEBUG=1",
					"$(inherited)",
				);
				GCC_WARN_64_TO_32_BIT_CONVERSION = YES;
				GCC_WARN_ABOUT_RETURN_TYPE = YES_ERROR;
				GCC_WARN_UNDECLARED_SELECTOR = YES;
				GCC_WARN_UNINITIALIZED_AUTOS = YES_AGGRESSIVE;
				GCC_WARN_UNUSED_FUNCTION = YES;
				GCC_WARN_UNUSED_VARIABLE = YES;
				IPHONEOS_DEPLOYMENT_TARGET = 9.2;
				MTL_ENABLE_DEBUG_INFO = YES;
				ONLY_ACTIVE_ARCH = YES;
				SDKROOT = iphoneos;
			};
			name = Debug;
		};
		D6F9ADFE1CF6D7FB00086FA6 /* Release */ = {
			isa = XCBuildConfiguration;
			buildSettings = {
				ALWAYS_SEARCH_USER_PATHS = NO;
				CLANG_CXX_LANGUAGE_STANDARD = "gnu++0x";
				CLANG_CXX_LIBRARY = "libc++";
				CLANG_ENABLE_MODULES = YES;
				CLANG_ENABLE_OBJC_ARC = YES;
				CLANG_WARN_BOOL_CONVERSION = YES;
				CLANG_WARN_CONSTANT_CONVERSION = YES;
				CLANG_WARN_DIRECT_OBJC_ISA_USAGE = YES_ERROR;
				CLANG_WARN_EMPTY_BODY = YES;
				CLANG_WARN_ENUM_CONVERSION = YES;
				CLANG_WARN_INT_CONVERSION = YES;
				CLANG_WARN_OBJC_ROOT_CLASS = YES_ERROR;
				CLANG_WARN_UNREACHABLE_CODE = YES;
				CLANG_WARN__DUPLICATE_METHOD_MATCH = YES;
				"CODE_SIGN_IDENTITY[sdk=iphoneos*]" = "iPhone Developer";
				COPY_PHASE_STRIP = NO;
				DEBUG_INFORMATION_FORMAT = "dwarf-with-dsym";
				ENABLE_NS_ASSERTIONS = NO;
				ENABLE_STRICT_OBJC_MSGSEND = YES;
				GCC_C_LANGUAGE_STANDARD = gnu99;
				GCC_NO_COMMON_BLOCKS = YES;
				GCC_WARN_64_TO_32_BIT_CONVERSION = YES;
				GCC_WARN_ABOUT_RETURN_TYPE = YES_ERROR;
				GCC_WARN_UNDECLARED_SELECTOR = YES;
				GCC_WARN_UNINITIALIZED_AUTOS = YES_AGGRESSIVE;
				GCC_WARN_UNUSED_FUNCTION = YES;
				GCC_WARN_UNUSED_VARIABLE = YES;
				IPHONEOS_DEPLOYMENT_TARGET = 9.2;
				MTL_ENABLE_DEBUG_INFO = NO;
				SDKROOT = iphoneos;
				VALIDATE_PRODUCT = YES;
			};
			name = Release;
		};
		D6F9AE001CF6D7FB00086FA6 /* Debug */ = {
			isa = XCBuildConfiguration;
			buildSettings = {
				ASSETCATALOG_COMPILER_APPICON_NAME = AppIcon;
				INFOPLIST_FILE = UISenior_17_CoreAnimation/Info.plist;
				LD_RUNPATH_SEARCH_PATHS = "$(inherited) @executable_path/Frameworks";
				PRODUCT_BUNDLE_IDENTIFIER = "lanou.UISenior-17-CoreAnimation";
				PRODUCT_NAME = "$(TARGET_NAME)";
			};
			name = Debug;
		};
		D6F9AE011CF6D7FB00086FA6 /* Release */ = {
			isa = XCBuildConfiguration;
			buildSettings = {
				ASSETCATALOG_COMPILER_APPICON_NAME = AppIcon;
				INFOPLIST_FILE = UISenior_17_CoreAnimation/Info.plist;
				LD_RUNPATH_SEARCH_PATHS = "$(inherited) @executable_path/Frameworks";
				PRODUCT_BUNDLE_IDENTIFIER = "lanou.UISenior-17-CoreAnimation";
				PRODUCT_NAME = "$(TARGET_NAME)";
			};
			name = Release;
		};
/* End XCBuildConfiguration section */

/* Begin XCConfigurationList section */
		D6F9ADE31CF6D7FA00086FA6 /* Build configuration list for PBXProject "UISenior_17_CoreAnimation" */ = {
			isa = XCConfigurationList;
			buildConfigurations = (
				D6F9ADFD1CF6D7FB00086FA6 /* Debug */,
				D6F9ADFE1CF6D7FB00086FA6 /* Release */,
			);
			defaultConfigurationIsVisible = 0;
			defaultConfigurationName = Release;
		};
		D6F9ADFF1CF6D7FB00086FA6 /* Build configuration list for PBXNativeTarget "UISenior_17_CoreAnimation" */ = {
			isa = XCConfigurationList;
			buildConfigurations = (
				D6F9AE001CF6D7FB00086FA6 /* Debug */,
				D6F9AE011CF6D7FB00086FA6 /* Release */,
			);
			defaultConfigurationIsVisible = 0;
		};
/* End XCConfigurationList section */
	};
	rootObject = D6F9ADE01CF6D7FA00086FA6 /* Project object */;
}
